
Microsoft Visual Studio Solution File, Format Version 12.00
# Visual Studio 15
VisualStudioVersion = 15.0.27004.2008
MinimumVisualStudioVersion = 10.0.40219.1
Project("{FAE04EC0-301F-11D3-BF4B-00C04F79EFBC}") = "TrackingTime", "TrackingTime\TrackingTime.csproj", "{ADF42FB7-CD44-4D66-A75C-3EF3CE12CA2E}"
EndProject
Global
	GlobalSection(SolutionConfigurationPlatforms) = preSolution
		Debug|Any CPU = Debug|Any CPU
		Release|Any CPU = Release|Any CPU
	EndGlobalSection
	GlobalSection(ProjectConfigurationPlatforms) = postSolution
		{ADF42FB7-CD44-4D66-A75C-3EF3CE12CA2E}.Debug|Any CPU.ActiveCfg = Debug|Any CPU
		{ADF42FB7-CD44-4D66-A75C-3EF3CE12CA2E}.Debug|Any CPU.Build.0 = Debug|Any CPU
		{ADF42FB7-CD44-4D66-A75C-3EF3CE12CA2E}.Release|Any CPU.ActiveCfg = Release|Any CPU
		{ADF42FB7-CD44-4D66-A75C-3EF3CE12CA2E}.Release|Any CPU.Build.0 = Release|Any CPU
	EndGlobalSection
	GlobalSection(SolutionProperties) = preSolution
		HideSolutionNode = FALSE
	EndGlobalSection
	GlobalSection(ExtensibilityGlobals) = postSolution
		SolutionGuid = {920FDE95-D04F-41C1-9152-2F7A30573815}
	EndGlobalSection
EndGlobal
